
Microsoft Visual Studio Solution File, Format Version 12.00
# Visual Studio 15
VisualStudioVersion = 15.0.28307.168
MinimumVisualStudioVersion = 10.0.40219.1
Project("{888888A0-9F3D-457C-B088-3A5042F75D52}") = "PythonApplicationTHC1", "PythonApplicationTHC1\PythonApplicationTHC1.pyproj", "{315502D5-24F3-4D18-B937-975024206F4E}"
EndProject
Global
	GlobalSection(SolutionConfigurationPlatforms) = preSolution
		Debug|Any CPU = Debug|Any CPU
		Release|Any CPU = Release|Any CPU
	EndGlobalSection
	GlobalSection(ProjectConfigurationPlatforms) = postSolution
		{315502D5-24F3-4D18-B937-975024206F4E}.Debug|Any CPU.ActiveCfg = Debug|Any CPU
		{315502D5-24F3-4D18-B937-975024206F4E}.Release|Any CPU.ActiveCfg = Release|Any CPU
	EndGlobalSection
	GlobalSection(SolutionProperties) = preSolution
		HideSolutionNode = FALSE
	EndGlobalSection
	GlobalSection(ExtensibilityGlobals) = postSolution
		SolutionGuid = {BEF0CDDD-D2E0-453C-AF9C-6FD7333C8A2C}
	EndGlobalSection
EndGlobal
